// !$*UTF8*$!
{
	archiveVersion = 1;
	classes = {
	};
	objectVersion = 46;
	objects = {

/* Begin PBXBuildFile section */
		221D33E31DC6B63500A6F4FF /* AppDelegate.swift in Sources */ = {isa = PBXBuildFile; fileRef = 221D33E21DC6B63500A6F4FF /* AppDelegate.swift */; };
		221D33E51DC6B63600A6F4FF /* ViewController.swift in Sources */ = {isa = PBXBuildFile; fileRef = 221D33E41DC6B63600A6F4FF /* ViewController.swift */; };
		221D33E81DC6B63600A6F4FF /* Main.storyboard in Resources */ = {isa = PBXBuildFile; fileRef = 221D33E61DC6B63600A6F4FF /* Main.storyboard */; };
		221D33EB1DC6B63600A6F4FF /* CoreDateToDo.xcdatamodeld in Sources */ = {isa = PBXBuildFile; fileRef = 221D33E91DC6B63600A6F4FF /* CoreDateToDo.xcdatamodeld */; };
		221D33ED1DC6B63600A6F4FF /* Assets.xcassets in Resources */ = {isa = PBXBuildFile; fileRef = 221D33EC1DC6B63600A6F4FF /* Assets.xcassets */; };
		221D33F01DC6B63600A6F4FF /* LaunchScreen.storyboard in Resources */ = {isa = PBXBuildFile; fileRef = 221D33EE1DC6B63600A6F4FF /* LaunchScreen.storyboard */; };
		221D33F81DC6CD2700A6F4FF /* AddTaskViewController.swift in Sources */ = {isa = PBXBuildFile; fileRef = 221D33F71DC6CD2700A6F4FF /* AddTaskViewController.swift */; };
/* End PBXBuildFile section */

/* Begin PBXFileReference section */
		221D33DF1DC6B63500A6F4FF /* CoreDateToDo.app */ = {isa = PBXFileReference; explicitFileType = wrapper.application; includeInIndex = 0; path = CoreDateToDo.app; sourceTree = BUILT_PRODUCTS_DIR; };
		221D33E21DC6B63500A6F4FF /* AppDelegate.swift */ = {isa = PBXFileReference; lastKnownFileType = sourcecode.swift; path = AppDelegate.swift; sourceTree = "<group>"; };
		221D33E41DC6B63600A6F4FF /* ViewController.swift */ = {isa = PBXFileReference; lastKnownFileType = sourcecode.swift; path = ViewController.swift; sourceTree = "<group>"; };
		221D33E71DC6B63600A6F4FF /* Base */ = {isa = PBXFileReference; lastKnownFileType = file.storyboard; name = Base; path = Base.lproj/Main.storyboard; sourceTree = "<group>"; };
		221D33EA1DC6B63600A6F4FF /* CoreDateToDo.xcdatamodel */ = {isa = PBXFileReference; lastKnownFileType = wrapper.xcdatamodel; path = CoreDateToDo.xcdatamodel; sourceTree = "<group>"; };
		221D33EC1DC6B63600A6F4FF /* Assets.xcassets */ = {isa = PBXFileReference; lastKnownFileType = folder.assetcatalog; path = Assets.xcassets; sourceTree = "<group>"; };
		221D33EF1DC6B63600A6F4FF /* Base */ = {isa = PBXFileReference; lastKnownFileType = file.storyboard; name = Base; path = Base.lproj/LaunchScreen.storyboard; sourceTree = "<group>"; };
		221D33F11DC6B63600A6F4FF /* Info.plist */ = {isa = PBXFileReference; lastKnownFileType = text.plist.xml; path = Info.plist; sourceTree = "<group>"; };
		221D33F71DC6CD2700A6F4FF /* AddTaskViewController.swift */ = {isa = PBXFileReference; fileEncoding = 4; lastKnownFileType = sourcecode.swift; path = AddTaskViewController.swift; sourceTree = "<group>"; };
/* End PBXFileReference section */

/* Begin PBXFrameworksBuildPhase section */
		221D33DC1DC6B63500A6F4FF /* Frameworks */ = {
			isa = PBXFrameworksBuildPhase;
			buildActionMask = 2147483647;
			files = (
			);
			runOnlyForDeploymentPostprocessing = 0;
		};
/* End PBXFrameworksBuildPhase section */

/* Begin PBXGroup section */
		221D33D61DC6B63500A6F4FF = {
			isa = PBXGroup;
			children = (
				221D33E11DC6B63500A6F4FF /* CoreDateToDo */,
				221D33E01DC6B63500A6F4FF /* Products */,
			);
			sourceTree = "<group>";
		};
		221D33E01DC6B63500A6F4FF /* Products */ = {
			isa = PBXGroup;
			children = (
				221D33DF1DC6B63500A6F4FF /* CoreDateToDo.app */,
			);
			name = Products;
			sourceTree = "<group>";
		};
		221D33E11DC6B63500A6F4FF /* CoreDateToDo */ = {
			isa = PBXGroup;
			children = (
				221D33E21DC6B63500A6F4FF /* AppDelegate.swift */,
				221D33E41DC6B63600A6F4FF /* ViewController.swift */,
				221D33E61DC6B63600A6F4FF /* Main.storyboard */,
				221D33F71DC6CD2700A6F4FF /* AddTaskViewController.swift */,
				221D33EC1DC6B63600A6F4FF /* Assets.xcassets */,
				221D33EE1DC6B63600A6F4FF /* LaunchScreen.storyboard */,
				221D33F11DC6B63600A6F4FF /* Info.plist */,
				221D33E91DC6B63600A6F4FF /* CoreDateToDo.xcdatamodeld */,
			);
			path = CoreDateToDo;
			sourceTree = "<group>";
		};
/* End PBXGroup section */

/* Begin PBXNativeTarget section */
		221D33DE1DC6B63500A6F4FF /* CoreDateToDo */ = {
			isa = PBXNativeTarget;
			buildConfigurationList = 221D33F41DC6B63600A6F4FF /* Build configuration list for PBXNativeTarget "CoreDateToDo" */;
			buildPhases = (
				221D33DB1DC6B63500A6F4FF /* Sources */,
				221D33DC1DC6B63500A6F4FF /* Frameworks */,
				221D33DD1DC6B63500A6F4FF /* Resources */,
			);
			buildRules = (
			);
			dependencies = (
			);
			name = CoreDateToDo;
			productName = CoreDateToDo;
			productReference = 221D33DF1DC6B63500A6F4FF /* CoreDateToDo.app */;
			productType = "com.apple.product-type.application";
		};
/* End PBXNativeTarget section */

/* Begin PBXProject section */
		221D33D71DC6B63500A6F4FF /* Project object */ = {
			isa = PBXProject;
			attributes = {
				LastSwiftUpdateCheck = 0810;
				LastUpgradeCheck = 0810;
				ORGANIZATIONNAME = "HSIAO JENHAO";
				TargetAttributes = {
					221D33DE1DC6B63500A6F4FF = {
						CreatedOnToolsVersion = 8.1;
						DevelopmentTeam = 982ZFCY4EE;
						ProvisioningStyle = Automatic;
					};
				};
			};
			buildConfigurationList = 221D33DA1DC6B63500A6F4FF /* Build configuration list for PBXProject "CoreDateToDo" */;
			compatibilityVersion = "Xcode 3.2";
			developmentRegion = English;
			hasScannedForEncodings = 0;
			knownRegions = (
				en,
				Base,
			);
			mainGroup = 221D33D61DC6B63500A6F4FF;
			productRefGroup = 221D33E01DC6B63500A6F4FF /* Products */;
			projectDirPath = "";
			projectRoot = "";
			targets = (
				221D33DE1DC6B63500A6F4FF /* CoreDateToDo */,
			);
		};
/* End PBXProject section */

/* Begin PBXResourcesBuildPhase section */
		221D33DD1DC6B63500A6F4FF /* Resources */ = {
			isa = PBXResourcesBuildPhase;
			buildActionMask = 2147483647;
			files = (
				221D33F01DC6B63600A6F4FF /* LaunchScreen.storyboard in Resources */,
				221D33ED1DC6B63600A6F4FF /* Assets.xcassets in Resources */,
				221D33E81DC6B63600A6F4FF /* Main.storyboard in Resources */,
			);
			runOnlyForDeploymentPostprocessing = 0;
		};
/* End PBXResourcesBuildPhase section */

/* Begin PBXSourcesBuildPhase section */
		221D33DB1DC6B63500A6F4FF /* Sources */ = {
			isa = PBXSourcesBuildPhase;
			buildActionMask = 2147483647;
			files = (
				221D33E51DC6B63600A6F4FF /* ViewController.swift in Sources */,
				221D33F81DC6CD2700A6F4FF /* AddTaskViewController.swift in Sources */,
				221D33EB1DC6B63600A6F4FF /* CoreDateToDo.xcdatamodeld in Sources */,
				221D33E31DC6B63500A6F4FF /* AppDelegate.swift in Sources */,
			);
			runOnlyForDeploymentPostprocessing = 0;
		};
/* End PBXSourcesBuildPhase section */

/* Begin PBXVariantGroup section */
		221D33E61DC6B63600A6F4FF /* Main.storyboard */ = {
			isa = PBXVariantGroup;
			children = (
				221D33E71DC6B63600A6F4FF /* Base */,
			);
			name = Main.storyboard;
			sourceTree = "<group>";
		};
		221D33EE1DC6B63600A6F4FF /* LaunchScreen.storyboard */ = {
			isa = PBXVariantGroup;
			children = (
				221D33EF1DC6B63600A6F4FF /* Base */,
			);
			name = LaunchScreen.storyboard;
			sourceTree = "<group>";
		};
/* End PBXVariantGroup section */

/* Begin XCBuildConfiguration section */
		221D33F21DC6B63600A6F4FF /* Debug */ = {
			isa = XCBuildConfiguration;
			buildSettings = {
				ALWAYS_SEARCH_USER_PATHS = NO;
				CLANG_ANALYZER_NONNULL = YES;
				CLANG_CXX_LANGUAGE_STANDARD = "gnu++0x";
				CLANG_CXX_LIBRARY = "libc++";
				CLANG_ENABLE_MODULES = YES;
				CLANG_ENABLE_OBJC_ARC = YES;
				CLANG_WARN_BOOL_CONVERSION = YES;
				CLANG_WARN_CONSTANT_CONVERSION = YES;
				CLANG_WARN_DIRECT_OBJC_ISA_USAGE = YES_ERROR;
				CLANG_WARN_DOCUMENTATION_COMMENTS = YES;
				CLANG_WARN_EMPTY_BODY = YES;
				CLANG_WARN_ENUM_CONVERSION = YES;
				CLANG_WARN_INFINITE_RECURSION = YES;
				CLANG_WARN_INT_CONVERSION = YES;
				CLANG_WARN_OBJC_ROOT_CLASS = YES_ERROR;
				CLANG_WARN_SUSPICIOUS_MOVES = YES;
				CLANG_WARN_UNREACHABLE_CODE = YES;
				CLANG_WARN__DUPLICATE_METHOD_MATCH = YES;
				"CODE_SIGN_IDENTITY[sdk=iphoneos*]" = "iPhone Developer";
				COPY_PHASE_STRIP = NO;
				DEBUG_INFORMATION_FORMAT = dwarf;
				ENABLE_STRICT_OBJC_MSGSEND = YES;
				ENABLE_TESTABILITY = YES;
				GCC_C_LANGUAGE_STANDARD = gnu99;
				GCC_DYNAMIC_NO_PIC = NO;
				GCC_NO_COMMON_BLOCKS = YES;
				GCC_OPTIMIZATION_LEVEL = 0;
				GCC_PREPROCESSOR_DEFINITIONS = (
					"DEBUG=1",
					"$(inherited)",
				);
				GCC_WARN_64_TO_32_BIT_CONVERSION = YES;
				GCC_WARN_ABOUT_RETURN_TYPE = YES_ERROR;
				GCC_WARN_UNDECLARED_SELECTOR = YES;
				GCC_WARN_UNINITIALIZED_AUTOS = YES_AGGRESSIVE;
				GCC_WARN_UNUSED_FUNCTION = YES;
				GCC_WARN_UNUSED_VARIABLE = YES;
				IPHONEOS_DEPLOYMENT_TARGET = 10.1;
				MTL_ENABLE_DEBUG_INFO = YES;
				ONLY_ACTIVE_ARCH = YES;
				SDKROOT = iphoneos;
				SWIFT_ACTIVE_COMPILATION_CONDITIONS = DEBUG;
				SWIFT_OPTIMIZATION_LEVEL = "-Onone";
				TARGETED_DEVICE_FAMILY = "1,2";
			};
			name = Debug;
		};
		221D33F31DC6B63600A6F4FF /* Release */ = {
			isa = XCBuildConfiguration;
			buildSettings = {
				ALWAYS_SEARCH_USER_PATHS = NO;
				CLANG_ANALYZER_NONNULL = YES;
				CLANG_CXX_LANGUAGE_STANDARD = "gnu++0x";
				CLANG_CXX_LIBRARY = "libc++";
				CLANG_ENABLE_MODULES = YES;
				CLANG_ENABLE_OBJC_ARC = YES;
				CLANG_WARN_BOOL_CONVERSION = YES;
				CLANG_WARN_CONSTANT_CONVERSION = YES;
				CLANG_WARN_DIRECT_OBJC_ISA_USAGE = YES_ERROR;
				CLANG_WARN_DOCUMENTATION_COMMENTS = YES;
				CLANG_WARN_EMPTY_BODY = YES;
				CLANG_WARN_ENUM_CONVERSION = YES;
				CLANG_WARN_INFINITE_RECURSION = YES;
				CLANG_WARN_INT_CONVERSION = YES;
				CLANG_WARN_OBJC_ROOT_CLASS = YES_ERROR;
				CLANG_WARN_SUSPICIOUS_MOVES = YES;
				CLANG_WARN_UNREACHABLE_CODE = YES;
				CLANG_WARN__DUPLICATE_METHOD_MATCH = YES;
				"CODE_SIGN_IDENTITY[sdk=iphoneos*]" = "iPhone Developer";
				COPY_PHASE_STRIP = NO;
				DEBUG_INFORMATION_FORMAT = "dwarf-with-dsym";
				ENABLE_NS_ASSERTIONS = NO;
				ENABLE_STRICT_OBJC_MSGSEND = YES;
				GCC_C_LANGUAGE_STANDARD = gnu99;
				GCC_NO_COMMON_BLOCKS = YES;
				GCC_WARN_64_TO_32_BIT_CONVERSION = YES;
				GCC_WARN_ABOUT_RETURN_TYPE = YES_ERROR;
				GCC_WARN_UNDECLARED_SELECTOR = YES;
				GCC_WARN_UNINITIALIZED_AUTOS = YES_AGGRESSIVE;
				GCC_WARN_UNUSED_FUNCTION = YES;
				GCC_WARN_UNUSED_VARIABLE = YES;
				IPHONEOS_DEPLOYMENT_TARGET = 10.1;
				MTL_ENABLE_DEBUG_INFO = NO;
				SDKROOT = iphoneos;
				SWIFT_OPTIMIZATION_LEVEL = "-Owholemodule";
				TARGETED_DEVICE_FAMILY = "1,2";
				VALIDATE_PRODUCT = YES;
			};
			name = Release;
		};
		221D33F51DC6B63600A6F4FF /* Debug */ = {
			isa = XCBuildConfiguration;
			buildSettings = {
				ASSETCATALOG_COMPILER_APPICON_NAME = AppIcon;
				DEVELOPMENT_TEAM = 982ZFCY4EE;
				INFOPLIST_FILE = CoreDateToDo/Info.plist;
				LD_RUNPATH_SEARCH_PATHS = "$(inherited) @executable_path/Frameworks";
				PRODUCT_BUNDLE_IDENTIFIER = Jenaho.CoreDateToDo;
				PRODUCT_NAME = "$(TARGET_NAME)";
				SWIFT_VERSION = 3.0;
			};
			name = Debug;
		};
		221D33F61DC6B63600A6F4FF /* Release */ = {
			isa = XCBuildConfiguration;
			buildSettings = {
				ASSETCATALOG_COMPILER_APPICON_NAME = AppIcon;
				DEVELOPMENT_TEAM = 982ZFCY4EE;
				INFOPLIST_FILE = CoreDateToDo/Info.plist;
				LD_RUNPATH_SEARCH_PATHS = "$(inherited) @executable_path/Frameworks";
				PRODUCT_BUNDLE_IDENTIFIER = Jenaho.CoreDateToDo;
				PRODUCT_NAME = "$(TARGET_NAME)";
				SWIFT_VERSION = 3.0;
			};
			name = Release;
		};
/* End XCBuildConfiguration section */

/* Begin XCConfigurationList section */
		221D33DA1DC6B63500A6F4FF /* Build configuration list for PBXProject "CoreDateToDo" */ = {
			isa = XCConfigurationList;
			buildConfigurations = (
				221D33F21DC6B63600A6F4FF /* Debug */,
				221D33F31DC6B63600A6F4FF /* Release */,
			);
			defaultConfigurationIsVisible = 0;
			defaultConfigurationName = Release;
		};
		221D33F41DC6B63600A6F4FF /* Build configuration list for PBXNativeTarget "CoreDateToDo" */ = {
			isa = XCConfigurationList;
			buildConfigurations = (
				221D33F51DC6B63600A6F4FF /* Debug */,
				221D33F61DC6B63600A6F4FF /* Release */,
			);
			defaultConfigurationIsVisible = 0;
			defaultConfigurationName = Release;
		};
/* End XCConfigurationList section */

/* Begin XCVersionGroup section */
		221D33E91DC6B63600A6F4FF /* CoreDateToDo.xcdatamodeld */ = {
			isa = XCVersionGroup;
			children = (
				221D33EA1DC6B63600A6F4FF /* CoreDateToDo.xcdatamodel */,
			);
			currentVersion = 221D33EA1DC6B63600A6F4FF /* CoreDateToDo.xcdatamodel */;
			path = CoreDateToDo.xcdatamodeld;
			sourceTree = "<group>";
			versionGroupType = wrapper.xcdatamodel;
		};
/* End XCVersionGroup section */
	};
	rootObject = 221D33D71DC6B63500A6F4FF /* Project object */;
}
